
Microsoft Visual Studio Solution File, Format Version 12.00
# Visual Studio Version 17
VisualStudioVersion = 17.5.33530.505
MinimumVisualStudioVersion = 10.0.40219.1
Project("{FAE04EC0-301F-11D3-BF4B-00C04F79EFBC}") = "Program_5", "Program_5\Program_5.csproj", "{CE6C57DB-3051-4004-8FE6-D9ED68B0201A}"
EndProject
Global
	GlobalSection(SolutionConfigurationPlatforms) = preSolution
		Debug|Any CPU = Debug|Any CPU
		Release|Any CPU = Release|Any CPU
	EndGlobalSection
	GlobalSection(ProjectConfigurationPlatforms) = postSolution
		{CE6C57DB-3051-4004-8FE6-D9ED68B0201A}.Debug|Any CPU.ActiveCfg = Debug|Any CPU
		{CE6C57DB-3051-4004-8FE6-D9ED68B0201A}.Debug|Any CPU.Build.0 = Debug|Any CPU
		{CE6C57DB-3051-4004-8FE6-D9ED68B0201A}.Release|Any CPU.ActiveCfg = Release|Any CPU
		{CE6C57DB-3051-4004-8FE6-D9ED68B0201A}.Release|Any CPU.Build.0 = Release|Any CPU
	EndGlobalSection
	GlobalSection(SolutionProperties) = preSolution
		HideSolutionNode = FALSE
	EndGlobalSection
	GlobalSection(ExtensibilityGlobals) = postSolution
		SolutionGuid = {6DD76AA4-CCF7-4C75-94B2-ECBF054ECE13}
	EndGlobalSection
EndGlobal
