
Microsoft Visual Studio Solution File, Format Version 12.00
# Visual Studio Version 17
VisualStudioVersion = 17.5.33516.290
MinimumVisualStudioVersion = 10.0.40219.1
Project("{FAE04EC0-301F-11D3-BF4B-00C04F79EFBC}") = "Program 13", "Program 13\Program 13.csproj", "{C841F04C-B536-4794-A078-9B28684D74D0}"
EndProject
Global
	GlobalSection(SolutionConfigurationPlatforms) = preSolution
		Debug|Any CPU = Debug|Any CPU
		Release|Any CPU = Release|Any CPU
	EndGlobalSection
	GlobalSection(ProjectConfigurationPlatforms) = postSolution
		{C841F04C-B536-4794-A078-9B28684D74D0}.Debug|Any CPU.ActiveCfg = Debug|Any CPU
		{C841F04C-B536-4794-A078-9B28684D74D0}.Debug|Any CPU.Build.0 = Debug|Any CPU
		{C841F04C-B536-4794-A078-9B28684D74D0}.Release|Any CPU.ActiveCfg = Release|Any CPU
		{C841F04C-B536-4794-A078-9B28684D74D0}.Release|Any CPU.Build.0 = Release|Any CPU
	EndGlobalSection
	GlobalSection(SolutionProperties) = preSolution
		HideSolutionNode = FALSE
	EndGlobalSection
	GlobalSection(ExtensibilityGlobals) = postSolution
		SolutionGuid = {A714BB27-3037-47EC-BAB1-51BE178CA3F6}
	EndGlobalSection
EndGlobal
