
Microsoft Visual Studio Solution File, Format Version 12.00
# Visual Studio Version 17
VisualStudioVersion = 17.5.33502.453
MinimumVisualStudioVersion = 10.0.40219.1
Project("{FAE04EC0-301F-11D3-BF4B-00C04F79EFBC}") = "Program 15", "Program 15\Program 15.csproj", "{56CD4A4A-895B-41E1-84AA-12D5C0B3D47A}"
EndProject
Global
	GlobalSection(SolutionConfigurationPlatforms) = preSolution
		Debug|Any CPU = Debug|Any CPU
		Release|Any CPU = Release|Any CPU
	EndGlobalSection
	GlobalSection(ProjectConfigurationPlatforms) = postSolution
		{56CD4A4A-895B-41E1-84AA-12D5C0B3D47A}.Debug|Any CPU.ActiveCfg = Debug|Any CPU
		{56CD4A4A-895B-41E1-84AA-12D5C0B3D47A}.Debug|Any CPU.Build.0 = Debug|Any CPU
		{56CD4A4A-895B-41E1-84AA-12D5C0B3D47A}.Release|Any CPU.ActiveCfg = Release|Any CPU
		{56CD4A4A-895B-41E1-84AA-12D5C0B3D47A}.Release|Any CPU.Build.0 = Release|Any CPU
	EndGlobalSection
	GlobalSection(SolutionProperties) = preSolution
		HideSolutionNode = FALSE
	EndGlobalSection
	GlobalSection(ExtensibilityGlobals) = postSolution
		SolutionGuid = {0A867FBC-9A98-4004-AE87-853018930247}
	EndGlobalSection
EndGlobal
