
Microsoft Visual Studio Solution File, Format Version 12.00
# Visual Studio Version 17
VisualStudioVersion = 17.5.33502.453
MinimumVisualStudioVersion = 10.0.40219.1
Project("{9092AA53-FB77-4645-B42D-1CCCA6BD08BD}") = "Program 18", "Program 18\Program 18.njsproj", "{815913DE-B0FB-400C-90B2-CB69A46EE1A0}"
EndProject
Global
	GlobalSection(SolutionConfigurationPlatforms) = preSolution
		Debug|Any CPU = Debug|Any CPU
		Release|Any CPU = Release|Any CPU
	EndGlobalSection
	GlobalSection(ProjectConfigurationPlatforms) = postSolution
		{815913DE-B0FB-400C-90B2-CB69A46EE1A0}.Debug|Any CPU.ActiveCfg = Debug|Any CPU
		{815913DE-B0FB-400C-90B2-CB69A46EE1A0}.Debug|Any CPU.Build.0 = Debug|Any CPU
		{815913DE-B0FB-400C-90B2-CB69A46EE1A0}.Release|Any CPU.ActiveCfg = Release|Any CPU
		{815913DE-B0FB-400C-90B2-CB69A46EE1A0}.Release|Any CPU.Build.0 = Release|Any CPU
	EndGlobalSection
	GlobalSection(SolutionProperties) = preSolution
		HideSolutionNode = FALSE
	EndGlobalSection
	GlobalSection(ExtensibilityGlobals) = postSolution
		SolutionGuid = {3192ADD3-BF8A-42C7-AE00-81FA37B7407D}
	EndGlobalSection
EndGlobal
