
Microsoft Visual Studio Solution File, Format Version 12.00
# Visual Studio Version 17
VisualStudioVersion = 17.5.33530.505
MinimumVisualStudioVersion = 10.0.40219.1
Project("{FAE04EC0-301F-11D3-BF4B-00C04F79EFBC}") = "Program_13_Repeater_Control", "Program_13_Repeater_Control\Program_13_Repeater_Control.csproj", "{B98E8F55-B9B7-4A82-B239-DC79E6CFF899}"
EndProject
Global
	GlobalSection(SolutionConfigurationPlatforms) = preSolution
		Debug|Any CPU = Debug|Any CPU
		Release|Any CPU = Release|Any CPU
	EndGlobalSection
	GlobalSection(ProjectConfigurationPlatforms) = postSolution
		{B98E8F55-B9B7-4A82-B239-DC79E6CFF899}.Debug|Any CPU.ActiveCfg = Debug|Any CPU
		{B98E8F55-B9B7-4A82-B239-DC79E6CFF899}.Debug|Any CPU.Build.0 = Debug|Any CPU
		{B98E8F55-B9B7-4A82-B239-DC79E6CFF899}.Release|Any CPU.ActiveCfg = Release|Any CPU
		{B98E8F55-B9B7-4A82-B239-DC79E6CFF899}.Release|Any CPU.Build.0 = Release|Any CPU
	EndGlobalSection
	GlobalSection(SolutionProperties) = preSolution
		HideSolutionNode = FALSE
	EndGlobalSection
	GlobalSection(ExtensibilityGlobals) = postSolution
		SolutionGuid = {54E4498A-E21A-4AC4-B3A8-BC6DB0EA846E}
	EndGlobalSection
EndGlobal
