
Microsoft Visual Studio Solution File, Format Version 12.00
# Visual Studio Version 17
VisualStudioVersion = 17.5.33530.505
MinimumVisualStudioVersion = 10.0.40219.1
Project("{FAE04EC0-301F-11D3-BF4B-00C04F79EFBC}") = "Module 5 and 6", "Module 5 and 6\Module 5 and 6.csproj", "{71FAC1C5-E680-4E29-9767-78C374EAD771}"
EndProject
Global
	GlobalSection(SolutionConfigurationPlatforms) = preSolution
		Debug|Any CPU = Debug|Any CPU
		Release|Any CPU = Release|Any CPU
	EndGlobalSection
	GlobalSection(ProjectConfigurationPlatforms) = postSolution
		{71FAC1C5-E680-4E29-9767-78C374EAD771}.Debug|Any CPU.ActiveCfg = Debug|Any CPU
		{71FAC1C5-E680-4E29-9767-78C374EAD771}.Debug|Any CPU.Build.0 = Debug|Any CPU
		{71FAC1C5-E680-4E29-9767-78C374EAD771}.Release|Any CPU.ActiveCfg = Release|Any CPU
		{71FAC1C5-E680-4E29-9767-78C374EAD771}.Release|Any CPU.Build.0 = Release|Any CPU
	EndGlobalSection
	GlobalSection(SolutionProperties) = preSolution
		HideSolutionNode = FALSE
	EndGlobalSection
	GlobalSection(ExtensibilityGlobals) = postSolution
		SolutionGuid = {66A9CE5C-B6F9-45EE-8762-B3BBB91C9C23}
	EndGlobalSection
EndGlobal
