
Microsoft Visual Studio Solution File, Format Version 12.00
# Visual Studio Version 17
VisualStudioVersion = 17.5.33530.505
MinimumVisualStudioVersion = 10.0.40219.1
Project("{FAE04EC0-301F-11D3-BF4B-00C04F79EFBC}") = "Module_3_Program_17", "Module_3_Program_17\Module_3_Program_17.csproj", "{BA8077C8-BD65-4F11-8272-668596B57185}"
EndProject
Global
	GlobalSection(SolutionConfigurationPlatforms) = preSolution
		Debug|Any CPU = Debug|Any CPU
		Release|Any CPU = Release|Any CPU
	EndGlobalSection
	GlobalSection(ProjectConfigurationPlatforms) = postSolution
		{BA8077C8-BD65-4F11-8272-668596B57185}.Debug|Any CPU.ActiveCfg = Debug|Any CPU
		{BA8077C8-BD65-4F11-8272-668596B57185}.Debug|Any CPU.Build.0 = Debug|Any CPU
		{BA8077C8-BD65-4F11-8272-668596B57185}.Release|Any CPU.ActiveCfg = Release|Any CPU
		{BA8077C8-BD65-4F11-8272-668596B57185}.Release|Any CPU.Build.0 = Release|Any CPU
	EndGlobalSection
	GlobalSection(SolutionProperties) = preSolution
		HideSolutionNode = FALSE
	EndGlobalSection
	GlobalSection(ExtensibilityGlobals) = postSolution
		SolutionGuid = {C958426E-E9D0-415D-A9A1-B20457F2F6B9}
	EndGlobalSection
EndGlobal
